
Microsoft Visual Studio Solution File, Format Version 12.00
# Visual Studio Version 17
VisualStudioVersion = 17.13.35913.81 d17.13
MinimumVisualStudioVersion = 10.0.40219.1
Project("{FAE04EC0-301F-11D3-BF4B-00C04F79EFBC}") = "ln.MDK.01.01", "ln.MDK.01.01\ln.MDK.01.01.csproj", "{01FFCB37-888F-4C09-8557-50066199198C}"
EndProject
Global
	GlobalSection(SolutionConfigurationPlatforms) = preSolution
		Debug|Any CPU = Debug|Any CPU
		Release|Any CPU = Release|Any CPU
	EndGlobalSection
	GlobalSection(ProjectConfigurationPlatforms) = postSolution
		{01FFCB37-888F-4C09-8557-50066199198C}.Debug|Any CPU.ActiveCfg = Debug|Any CPU
		{01FFCB37-888F-4C09-8557-50066199198C}.Debug|Any CPU.Build.0 = Debug|Any CPU
		{01FFCB37-888F-4C09-8557-50066199198C}.Release|Any CPU.ActiveCfg = Release|Any CPU
		{01FFCB37-888F-4C09-8557-50066199198C}.Release|Any CPU.Build.0 = Release|Any CPU
	EndGlobalSection
	GlobalSection(SolutionProperties) = preSolution
		HideSolutionNode = FALSE
	EndGlobalSection
	GlobalSection(ExtensibilityGlobals) = postSolution
		SolutionGuid = {030B0E93-2DC1-4C2E-B032-16810A30EF19}
	EndGlobalSection
EndGlobal
