
Microsoft Visual Studio Solution File, Format Version 12.00
# Visual Studio Version 17
VisualStudioVersion = 17.13.35825.156 d17.13
MinimumVisualStudioVersion = 10.0.40219.1
Project("{FAE04EC0-301F-11D3-BF4B-00C04F79EFBC}") = "Zadacha_1", "Zadacha_1\Zadacha_1.csproj", "{F84862AC-5B29-4837-B1DB-4C09332F0AA2}"
EndProject
Global
	GlobalSection(SolutionConfigurationPlatforms) = preSolution
		Debug|Any CPU = Debug|Any CPU
		Release|Any CPU = Release|Any CPU
	EndGlobalSection
	GlobalSection(ProjectConfigurationPlatforms) = postSolution
		{F84862AC-5B29-4837-B1DB-4C09332F0AA2}.Debug|Any CPU.ActiveCfg = Debug|Any CPU
		{F84862AC-5B29-4837-B1DB-4C09332F0AA2}.Debug|Any CPU.Build.0 = Debug|Any CPU
		{F84862AC-5B29-4837-B1DB-4C09332F0AA2}.Release|Any CPU.ActiveCfg = Release|Any CPU
		{F84862AC-5B29-4837-B1DB-4C09332F0AA2}.Release|Any CPU.Build.0 = Release|Any CPU
	EndGlobalSection
	GlobalSection(SolutionProperties) = preSolution
		HideSolutionNode = FALSE
	EndGlobalSection
	GlobalSection(ExtensibilityGlobals) = postSolution
		SolutionGuid = {0660AF33-B505-4176-975D-63E3622D8CE2}
	EndGlobalSection
EndGlobal
