
Microsoft Visual Studio Solution File, Format Version 12.00
# Visual Studio Version 17
VisualStudioVersion = 17.14.36429.23 d17.14
MinimumVisualStudioVersion = 10.0.40219.1
Project("{FAE04EC0-301F-11D3-BF4B-00C04F79EFBC}") = "Zadacha_1", "Zadacha_1.csproj", "{87802BB7-A242-4670-9852-AECC915C751B}"
EndProject
Global
	GlobalSection(SolutionConfigurationPlatforms) = preSolution
		Debug|Any CPU = Debug|Any CPU
		Release|Any CPU = Release|Any CPU
	EndGlobalSection
	GlobalSection(ProjectConfigurationPlatforms) = postSolution
		{87802BB7-A242-4670-9852-AECC915C751B}.Debug|Any CPU.ActiveCfg = Debug|Any CPU
		{87802BB7-A242-4670-9852-AECC915C751B}.Debug|Any CPU.Build.0 = Debug|Any CPU
		{87802BB7-A242-4670-9852-AECC915C751B}.Release|Any CPU.ActiveCfg = Release|Any CPU
		{87802BB7-A242-4670-9852-AECC915C751B}.Release|Any CPU.Build.0 = Release|Any CPU
	EndGlobalSection
	GlobalSection(SolutionProperties) = preSolution
		HideSolutionNode = FALSE
	EndGlobalSection
	GlobalSection(ExtensibilityGlobals) = postSolution
		SolutionGuid = {271C42E6-06DB-4225-98CD-0802B59F9EF3}
	EndGlobalSection
EndGlobal
