
Microsoft Visual Studio Solution File, Format Version 12.00
# Visual Studio Version 17
VisualStudioVersion = 17.14.36429.23 d17.14
MinimumVisualStudioVersion = 10.0.40219.1
Project("{FAE04EC0-301F-11D3-BF4B-00C04F79EFBC}") = "Dictionary", "Dictionary.csproj", "{165E2FA3-95F1-4AB8-808F-E099E3775330}"
EndProject
Global
	GlobalSection(SolutionConfigurationPlatforms) = preSolution
		Debug|Any CPU = Debug|Any CPU
		Release|Any CPU = Release|Any CPU
	EndGlobalSection
	GlobalSection(ProjectConfigurationPlatforms) = postSolution
		{165E2FA3-95F1-4AB8-808F-E099E3775330}.Debug|Any CPU.ActiveCfg = Debug|Any CPU
		{165E2FA3-95F1-4AB8-808F-E099E3775330}.Debug|Any CPU.Build.0 = Debug|Any CPU
		{165E2FA3-95F1-4AB8-808F-E099E3775330}.Release|Any CPU.ActiveCfg = Release|Any CPU
		{165E2FA3-95F1-4AB8-808F-E099E3775330}.Release|Any CPU.Build.0 = Release|Any CPU
	EndGlobalSection
	GlobalSection(SolutionProperties) = preSolution
		HideSolutionNode = FALSE
	EndGlobalSection
	GlobalSection(ExtensibilityGlobals) = postSolution
		SolutionGuid = {2E26DE62-B348-44F3-B797-EB0E0346F195}
	EndGlobalSection
EndGlobal
